{
  "name": "com.athom.philipsair",
  "version": "1.0.0",
  "lockfileVersion": 1,
  "requires": true,
  "dependencies": {
    "aes-js": {
      "version": "3.1.2",
      "resolved": "https://registry.npmjs.org/aes-js/-/aes-js-3.1.2.tgz",
      "integrity": "sha512-e5pEa2kBnBOgR4Y/p20pskXI74UEz7de8ZGVo58asOtvSVG5YAbJeELPZxOmt+Bnz3rX753YKhfIn4X4l1PPRQ=="
    },
    "big-integer": {
      "version": "1.6.36",
      "resolved": "https://registry.npmjs.org/big-integer/-/big-integer-1.6.36.tgz",
      "integrity": "sha512-t70bfa7HYEA1D9idDbmuv7YbsbVkQ+Hp+8KFSul4aE5e/i1bjCNIRYJZlA8Q8p0r9T8cF/RVvwUgRA//FydEyg=="
    },
    "pkcs7": {
      "version": "1.0.2",
      "resolved": "https://registry.npmjs.org/pkcs7/-/pkcs7-1.0.2.tgz",
      "integrity": "sha1-ttulJ1KMKUK/wSLOLa/NteWQdOc="
    }
  }
}
